// !$*UTF8*$!
{
	archiveVersion = 1;
	classes = {
	};
	objectVersion = 56;
	objects = {

/* Begin PBXBuildFile section */
		CF4556542A7EF50B00D957B7 /* StickerPadApp.swift in Sources */ = {isa = PBXBuildFile; fileRef = CF4556532A7EF50B00D957B7 /* StickerPadApp.swift */; };
		CF4556562A7EF50B00D957B7 /* ContentView.swift in Sources */ = {isa = PBXBuildFile; fileRef = CF4556552A7EF50B00D957B7 /* ContentView.swift */; };
		CF4556582A7EF50C00D957B7 /* Assets.xcassets in Resources */ = {isa = PBXBuildFile; fileRef = CF4556572A7EF50C00D957B7 /* Assets.xcassets */; };
		CF45565B2A7EF50C00D957B7 /* Preview Assets.xcassets in Resources */ = {isa = PBXBuildFile; fileRef = CF45565A2A7EF50C00D957B7 /* Preview Assets.xcassets */; };
		CF45566A2A7F00D200D957B7 /* WelcomeView.swift in Sources */ = {isa = PBXBuildFile; fileRef = CF4556692A7F00D200D957B7 /* WelcomeView.swift */; };
		CF45566C2A7F00DC00D957B7 /* TutorialView.swift in Sources */ = {isa = PBXBuildFile; fileRef = CF45566B2A7F00DC00D957B7 /* TutorialView.swift */; };
		CF45566E2A7F00FF00D957B7 /* MainStickerPadView.swift in Sources */ = {isa = PBXBuildFile; fileRef = CF45566D2A7F00FF00D957B7 /* MainStickerPadView.swift */; };
		CF4556702A7F011300D957B7 /* StickerPalletView.swift in Sources */ = {isa = PBXBuildFile; fileRef = CF45566F2A7F011300D957B7 /* StickerPalletView.swift */; };
		CF4556722A7F011C00D957B7 /* SaveShareModalView.swift in Sources */ = {isa = PBXBuildFile; fileRef = CF4556712A7F011C00D957B7 /* SaveShareModalView.swift */; };
		CF4556742A7F013D00D957B7 /* ProfileMenuView.swift in Sources */ = {isa = PBXBuildFile; fileRef = CF4556732A7F013D00D957B7 /* ProfileMenuView.swift */; };
		CF5C44332A7F02160049E659 /* ColorExtensions.swift in Sources */ = {isa = PBXBuildFile; fileRef = CF5C44322A7F02160049E659 /* ColorExtensions.swift */; };
		CF5C44352A7F023C0049E659 /* UIViewExtensions.swift in Sources */ = {isa = PBXBuildFile; fileRef = CF5C44342A7F023C0049E659 /* UIViewExtensions.swift */; };
		CF5C44372A7F02B60049E659 /* Sticker.swift in Sources */ = {isa = PBXBuildFile; fileRef = CF5C44362A7F02B60049E659 /* Sticker.swift */; };
		CF5C44392A7F02E40049E659 /* StickerPack.swift in Sources */ = {isa = PBXBuildFile; fileRef = CF5C44382A7F02E40049E659 /* StickerPack.swift */; };
		CF5C443B2A7F02F20049E659 /* UserProfile.swift in Sources */ = {isa = PBXBuildFile; fileRef = CF5C443A2A7F02F20049E659 /* UserProfile.swift */; };
		CF5C443D2A7F03130049E659 /* StickerPad.swift in Sources */ = {isa = PBXBuildFile; fileRef = CF5C443C2A7F03130049E659 /* StickerPad.swift */; };
		CF5C443F2A7F034D0049E659 /* Purchase.swift in Sources */ = {isa = PBXBuildFile; fileRef = CF5C443E2A7F034D0049E659 /* Purchase.swift */; };
		CF5C44412A7F04290049E659 /* OnboardingViewModel.swift in Sources */ = {isa = PBXBuildFile; fileRef = CF5C44402A7F04290049E659 /* OnboardingViewModel.swift */; };
		CF5C44432A7F04540049E659 /* MainStickerPadViewModel.swift in Sources */ = {isa = PBXBuildFile; fileRef = CF5C44422A7F04540049E659 /* MainStickerPadViewModel.swift */; };
		CF5C44452A7F04670049E659 /* StickerPalletViewModel.swift in Sources */ = {isa = PBXBuildFile; fileRef = CF5C44442A7F04670049E659 /* StickerPalletViewModel.swift */; };
		CF5C44472A7F04770049E659 /* SaveShareModalViewModel.swift in Sources */ = {isa = PBXBuildFile; fileRef = CF5C44462A7F04770049E659 /* SaveShareModalViewModel.swift */; };
		CF5C44492A7F04970049E659 /* ProfileMenuViewModel.swift in Sources */ = {isa = PBXBuildFile; fileRef = CF5C44482A7F04970049E659 /* ProfileMenuViewModel.swift */; };
		CF5C444B2A7F06AE0049E659 /* TempData.swift in Sources */ = {isa = PBXBuildFile; fileRef = CF5C444A2A7F06AE0049E659 /* TempData.swift */; };
		CFAAA95D2A8003190005010C /* StickerView.swift in Sources */ = {isa = PBXBuildFile; fileRef = CFAAA95C2A8003190005010C /* StickerView.swift */; };
		CFAAA95F2A8007910005010C /* StickerPadButtons.swift in Sources */ = {isa = PBXBuildFile; fileRef = CFAAA95E2A8007910005010C /* StickerPadButtons.swift */; };
		CFAAA9632A8008CA0005010C /* BackgroundGradientView.swift in Sources */ = {isa = PBXBuildFile; fileRef = CFAAA9622A8008CA0005010C /* BackgroundGradientView.swift */; };
/* End PBXBuildFile section */

/* Begin PBXFileReference section */
		CF4556502A7EF50B00D957B7 /* StickerPad.app */ = {isa = PBXFileReference; explicitFileType = wrapper.application; includeInIndex = 0; path = StickerPad.app; sourceTree = BUILT_PRODUCTS_DIR; };
		CF4556532A7EF50B00D957B7 /* StickerPadApp.swift */ = {isa = PBXFileReference; lastKnownFileType = sourcecode.swift; path = StickerPadApp.swift; sourceTree = "<group>"; };
		CF4556552A7EF50B00D957B7 /* ContentView.swift */ = {isa = PBXFileReference; lastKnownFileType = sourcecode.swift; path = ContentView.swift; sourceTree = "<group>"; };
		CF4556572A7EF50C00D957B7 /* Assets.xcassets */ = {isa = PBXFileReference; lastKnownFileType = folder.assetcatalog; path = Assets.xcassets; sourceTree = "<group>"; };
		CF45565A2A7EF50C00D957B7 /* Preview Assets.xcassets */ = {isa = PBXFileReference; lastKnownFileType = folder.assetcatalog; path = "Preview Assets.xcassets"; sourceTree = "<group>"; };
		CF4556692A7F00D200D957B7 /* WelcomeView.swift */ = {isa = PBXFileReference; lastKnownFileType = sourcecode.swift; path = WelcomeView.swift; sourceTree = "<group>"; };
		CF45566B2A7F00DC00D957B7 /* TutorialView.swift */ = {isa = PBXFileReference; lastKnownFileType = sourcecode.swift; path = TutorialView.swift; sourceTree = "<group>"; };
		CF45566D2A7F00FF00D957B7 /* MainStickerPadView.swift */ = {isa = PBXFileReference; lastKnownFileType = sourcecode.swift; path = MainStickerPadView.swift; sourceTree = "<group>"; };
		CF45566F2A7F011300D957B7 /* StickerPalletView.swift */ = {isa = PBXFileReference; lastKnownFileType = sourcecode.swift; path = StickerPalletView.swift; sourceTree = "<group>"; };
		CF4556712A7F011C00D957B7 /* SaveShareModalView.swift */ = {isa = PBXFileReference; lastKnownFileType = sourcecode.swift; path = SaveShareModalView.swift; sourceTree = "<group>"; };
		CF4556732A7F013D00D957B7 /* ProfileMenuView.swift */ = {isa = PBXFileReference; lastKnownFileType = sourcecode.swift; path = ProfileMenuView.swift; sourceTree = "<group>"; };
		CF5C44322A7F02160049E659 /* ColorExtensions.swift */ = {isa = PBXFileReference; lastKnownFileType = sourcecode.swift; path = ColorExtensions.swift; sourceTree = "<group>"; };
		CF5C44342A7F023C0049E659 /* UIViewExtensions.swift */ = {isa = PBXFileReference; lastKnownFileType = sourcecode.swift; path = UIViewExtensions.swift; sourceTree = "<group>"; };
		CF5C44362A7F02B60049E659 /* Sticker.swift */ = {isa = PBXFileReference; lastKnownFileType = sourcecode.swift; path = Sticker.swift; sourceTree = "<group>"; };
		CF5C44382A7F02E40049E659 /* StickerPack.swift */ = {isa = PBXFileReference; lastKnownFileType = sourcecode.swift; path = StickerPack.swift; sourceTree = "<group>"; };
		CF5C443A2A7F02F20049E659 /* UserProfile.swift */ = {isa = PBXFileReference; lastKnownFileType = sourcecode.swift; path = UserProfile.swift; sourceTree = "<group>"; };
		CF5C443C2A7F03130049E659 /* StickerPad.swift */ = {isa = PBXFileReference; lastKnownFileType = sourcecode.swift; path = StickerPad.swift; sourceTree = "<group>"; };
		CF5C443E2A7F034D0049E659 /* Purchase.swift */ = {isa = PBXFileReference; lastKnownFileType = sourcecode.swift; path = Purchase.swift; sourceTree = "<group>"; };
		CF5C44402A7F04290049E659 /* OnboardingViewModel.swift */ = {isa = PBXFileReference; lastKnownFileType = sourcecode.swift; path = OnboardingViewModel.swift; sourceTree = "<group>"; };
		CF5C44422A7F04540049E659 /* MainStickerPadViewModel.swift */ = {isa = PBXFileReference; lastKnownFileType = sourcecode.swift; path = MainStickerPadViewModel.swift; sourceTree = "<group>"; };
		CF5C44442A7F04670049E659 /* StickerPalletViewModel.swift */ = {isa = PBXFileReference; lastKnownFileType = sourcecode.swift; path = StickerPalletViewModel.swift; sourceTree = "<group>"; };
		CF5C44462A7F04770049E659 /* SaveShareModalViewModel.swift */ = {isa = PBXFileReference; lastKnownFileType = sourcecode.swift; path = SaveShareModalViewModel.swift; sourceTree = "<group>"; };
		CF5C44482A7F04970049E659 /* ProfileMenuViewModel.swift */ = {isa = PBXFileReference; lastKnownFileType = sourcecode.swift; path = ProfileMenuViewModel.swift; sourceTree = "<group>"; };
		CF5C444A2A7F06AE0049E659 /* TempData.swift */ = {isa = PBXFileReference; lastKnownFileType = sourcecode.swift; path = TempData.swift; sourceTree = "<group>"; };
		CFAAA95C2A8003190005010C /* StickerView.swift */ = {isa = PBXFileReference; lastKnownFileType = sourcecode.swift; path = StickerView.swift; sourceTree = "<group>"; };
		CFAAA95E2A8007910005010C /* StickerPadButtons.swift */ = {isa = PBXFileReference; lastKnownFileType = sourcecode.swift; path = StickerPadButtons.swift; sourceTree = "<group>"; };
		CFAAA9622A8008CA0005010C /* BackgroundGradientView.swift */ = {isa = PBXFileReference; lastKnownFileType = sourcecode.swift; path = BackgroundGradientView.swift; sourceTree = "<group>"; };
/* End PBXFileReference section */

/* Begin PBXFrameworksBuildPhase section */
		CF45564D2A7EF50B00D957B7 /* Frameworks */ = {
			isa = PBXFrameworksBuildPhase;
			buildActionMask = 2147483647;
			files = (
			);
			runOnlyForDeploymentPostprocessing = 0;
		};
/* End PBXFrameworksBuildPhase section */

/* Begin PBXGroup section */
		CF4556472A7EF50B00D957B7 = {
			isa = PBXGroup;
			children = (
				CF4556522A7EF50B00D957B7 /* StickerPad */,
				CF4556512A7EF50B00D957B7 /* Products */,
			);
			sourceTree = "<group>";
		};
		CF4556512A7EF50B00D957B7 /* Products */ = {
			isa = PBXGroup;
			children = (
				CF4556502A7EF50B00D957B7 /* StickerPad.app */,
			);
			name = Products;
			sourceTree = "<group>";
		};
		CF4556522A7EF50B00D957B7 /* StickerPad */ = {
			isa = PBXGroup;
			children = (
				CF4556532A7EF50B00D957B7 /* StickerPadApp.swift */,
				CF4556552A7EF50B00D957B7 /* ContentView.swift */,
				CF4556652A7F00A300D957B7 /* Views */,
				CF4556642A7F009C00D957B7 /* ViewModels */,
				CF4556632A7F009500D957B7 /* Models */,
				CF4556622A7F008E00D957B7 /* Extensions */,
				CF4556612A7F008100D957B7 /* Utilities */,
				CF4556572A7EF50C00D957B7 /* Assets.xcassets */,
				CF4556592A7EF50C00D957B7 /* Preview Content */,
			);
			path = StickerPad;
			sourceTree = "<group>";
		};
		CF4556592A7EF50C00D957B7 /* Preview Content */ = {
			isa = PBXGroup;
			children = (
				CF45565A2A7EF50C00D957B7 /* Preview Assets.xcassets */,
			);
			path = "Preview Content";
			sourceTree = "<group>";
		};
		CF4556612A7F008100D957B7 /* Utilities */ = {
			isa = PBXGroup;
			children = (
			);
			path = Utilities;
			sourceTree = "<group>";
		};
		CF4556622A7F008E00D957B7 /* Extensions */ = {
			isa = PBXGroup;
			children = (
				CF5C44322A7F02160049E659 /* ColorExtensions.swift */,
				CF5C44342A7F023C0049E659 /* UIViewExtensions.swift */,
			);
			path = Extensions;
			sourceTree = "<group>";
		};
		CF4556632A7F009500D957B7 /* Models */ = {
			isa = PBXGroup;
			children = (
				CF5C44362A7F02B60049E659 /* Sticker.swift */,
				CF5C44382A7F02E40049E659 /* StickerPack.swift */,
				CF5C443C2A7F03130049E659 /* StickerPad.swift */,
				CF5C443A2A7F02F20049E659 /* UserProfile.swift */,
				CF5C443E2A7F034D0049E659 /* Purchase.swift */,
				CF5C444A2A7F06AE0049E659 /* TempData.swift */,
			);
			path = Models;
			sourceTree = "<group>";
		};
		CF4556642A7F009C00D957B7 /* ViewModels */ = {
			isa = PBXGroup;
			children = (
				CF5C44402A7F04290049E659 /* OnboardingViewModel.swift */,
				CF5C44422A7F04540049E659 /* MainStickerPadViewModel.swift */,
				CF5C44442A7F04670049E659 /* StickerPalletViewModel.swift */,
				CF5C44462A7F04770049E659 /* SaveShareModalViewModel.swift */,
				CF5C44482A7F04970049E659 /* ProfileMenuViewModel.swift */,
			);
			path = ViewModels;
			sourceTree = "<group>";
		};
		CF4556652A7F00A300D957B7 /* Views */ = {
			isa = PBXGroup;
			children = (
				CF4556682A7F00C500D957B7 /* Onboarding */,
				CF4556672A7F00BE00D957B7 /* Main */,
				CF4556662A7F00B800D957B7 /* Profile */,
			);
			path = Views;
			sourceTree = "<group>";
		};
		CF4556662A7F00B800D957B7 /* Profile */ = {
			isa = PBXGroup;
			children = (
				CF4556732A7F013D00D957B7 /* ProfileMenuView.swift */,
			);
			path = Profile;
			sourceTree = "<group>";
		};
		CF4556672A7F00BE00D957B7 /* Main */ = {
			isa = PBXGroup;
			children = (
				CF45566D2A7F00FF00D957B7 /* MainStickerPadView.swift */,
				CF45566F2A7F011300D957B7 /* StickerPalletView.swift */,
				CFAAA95C2A8003190005010C /* StickerView.swift */,
				CF4556712A7F011C00D957B7 /* SaveShareModalView.swift */,
				CFAAA95E2A8007910005010C /* StickerPadButtons.swift */,
				CFAAA9622A8008CA0005010C /* BackgroundGradientView.swift */,
			);
			path = Main;
			sourceTree = "<group>";
		};
		CF4556682A7F00C500D957B7 /* Onboarding */ = {
			isa = PBXGroup;
			children = (
				CF4556692A7F00D200D957B7 /* WelcomeView.swift */,
				CF45566B2A7F00DC00D957B7 /* TutorialView.swift */,
			);
			path = Onboarding;
			sourceTree = "<group>";
		};
/* End PBXGroup section */

/* Begin PBXNativeTarget section */
		CF45564F2A7EF50B00D957B7 /* StickerPad */ = {
			isa = PBXNativeTarget;
			buildConfigurationList = CF45565E2A7EF50C00D957B7 /* Build configuration list for PBXNativeTarget "StickerPad" */;
			buildPhases = (
				CF45564C2A7EF50B00D957B7 /* Sources */,
				CF45564D2A7EF50B00D957B7 /* Frameworks */,
				CF45564E2A7EF50B00D957B7 /* Resources */,
			);
			buildRules = (
			);
			dependencies = (
			);
			name = StickerPad;
			productName = StickerPad;
			productReference = CF4556502A7EF50B00D957B7 /* StickerPad.app */;
			productType = "com.apple.product-type.application";
		};
/* End PBXNativeTarget section */

/* Begin PBXProject section */
		CF4556482A7EF50B00D957B7 /* Project object */ = {
			isa = PBXProject;
			attributes = {
				BuildIndependentTargetsInParallel = 1;
				LastSwiftUpdateCheck = 1500;
				LastUpgradeCheck = 1500;
				TargetAttributes = {
					CF45564F2A7EF50B00D957B7 = {
						CreatedOnToolsVersion = 15.0;
					};
				};
			};
			buildConfigurationList = CF45564B2A7EF50B00D957B7 /* Build configuration list for PBXProject "StickerPad" */;
			compatibilityVersion = "Xcode 14.0";
			developmentRegion = en;
			hasScannedForEncodings = 0;
			knownRegions = (
				en,
				Base,
			);
			mainGroup = CF4556472A7EF50B00D957B7;
			productRefGroup = CF4556512A7EF50B00D957B7 /* Products */;
			projectDirPath = "";
			projectRoot = "";
			targets = (
				CF45564F2A7EF50B00D957B7 /* StickerPad */,
			);
		};
/* End PBXProject section */

/* Begin PBXResourcesBuildPhase section */
		CF45564E2A7EF50B00D957B7 /* Resources */ = {
			isa = PBXResourcesBuildPhase;
			buildActionMask = 2147483647;
			files = (
				CF45565B2A7EF50C00D957B7 /* Preview Assets.xcassets in Resources */,
				CF4556582A7EF50C00D957B7 /* Assets.xcassets in Resources */,
			);
			runOnlyForDeploymentPostprocessing = 0;
		};
/* End PBXResourcesBuildPhase section */

/* Begin PBXSourcesBuildPhase section */
		CF45564C2A7EF50B00D957B7 /* Sources */ = {
			isa = PBXSourcesBuildPhase;
			buildActionMask = 2147483647;
			files = (
				CFAAA9632A8008CA0005010C /* BackgroundGradientView.swift in Sources */,
				CF5C44432A7F04540049E659 /* MainStickerPadViewModel.swift in Sources */,
				CF5C44472A7F04770049E659 /* SaveShareModalViewModel.swift in Sources */,
				CF5C44392A7F02E40049E659 /* StickerPack.swift in Sources */,
				CF5C443D2A7F03130049E659 /* StickerPad.swift in Sources */,
				CF45566E2A7F00FF00D957B7 /* MainStickerPadView.swift in Sources */,
				CF5C44452A7F04670049E659 /* StickerPalletViewModel.swift in Sources */,
				CF5C44412A7F04290049E659 /* OnboardingViewModel.swift in Sources */,
				CF4556742A7F013D00D957B7 /* ProfileMenuView.swift in Sources */,
				CF45566C2A7F00DC00D957B7 /* TutorialView.swift in Sources */,
				CF4556702A7F011300D957B7 /* StickerPalletView.swift in Sources */,
				CF4556562A7EF50B00D957B7 /* ContentView.swift in Sources */,
				CF5C44332A7F02160049E659 /* ColorExtensions.swift in Sources */,
				CF5C444B2A7F06AE0049E659 /* TempData.swift in Sources */,
				CF5C44372A7F02B60049E659 /* Sticker.swift in Sources */,
				CF5C44352A7F023C0049E659 /* UIViewExtensions.swift in Sources */,
				CFAAA95F2A8007910005010C /* StickerPadButtons.swift in Sources */,
				CF4556722A7F011C00D957B7 /* SaveShareModalView.swift in Sources */,
				CFAAA95D2A8003190005010C /* StickerView.swift in Sources */,
				CF5C44492A7F04970049E659 /* ProfileMenuViewModel.swift in Sources */,
				CF5C443F2A7F034D0049E659 /* Purchase.swift in Sources */,
				CF45566A2A7F00D200D957B7 /* WelcomeView.swift in Sources */,
				CF4556542A7EF50B00D957B7 /* StickerPadApp.swift in Sources */,
				CF5C443B2A7F02F20049E659 /* UserProfile.swift in Sources */,
			);
			runOnlyForDeploymentPostprocessing = 0;
		};
/* End PBXSourcesBuildPhase section */

/* Begin XCBuildConfiguration section */
		CF45565C2A7EF50C00D957B7 /* Debug */ = {
			isa = XCBuildConfiguration;
			buildSettings = {
				ALWAYS_SEARCH_USER_PATHS = NO;
				ASSETCATALOG_COMPILER_GENERATE_SWIFT_ASSET_SYMBOL_EXTENSIONS = YES;
				CLANG_ANALYZER_NONNULL = YES;
				CLANG_ANALYZER_NUMBER_OBJECT_CONVERSION = YES_AGGRESSIVE;
				CLANG_CXX_LANGUAGE_STANDARD = "gnu++20";
				CLANG_ENABLE_MODULES = YES;
				CLANG_ENABLE_OBJC_ARC = YES;
				CLANG_ENABLE_OBJC_WEAK = YES;
				CLANG_WARN_BLOCK_CAPTURE_AUTORELEASING = YES;
				CLANG_WARN_BOOL_CONVERSION = YES;
				CLANG_WARN_COMMA = YES;
				CLANG_WARN_CONSTANT_CONVERSION = YES;
				CLANG_WARN_DEPRECATED_OBJC_IMPLEMENTATIONS = YES;
				CLANG_WARN_DIRECT_OBJC_ISA_USAGE = YES_ERROR;
				CLANG_WARN_DOCUMENTATION_COMMENTS = YES;
				CLANG_WARN_EMPTY_BODY = YES;
				CLANG_WARN_ENUM_CONVERSION = YES;
				CLANG_WARN_INFINITE_RECURSION = YES;
				CLANG_WARN_INT_CONVERSION = YES;
				CLANG_WARN_NON_LITERAL_NULL_CONVERSION = YES;
				CLANG_WARN_OBJC_IMPLICIT_RETAIN_SELF = YES;
				CLANG_WARN_OBJC_LITERAL_CONVERSION = YES;
				CLANG_WARN_OBJC_ROOT_CLASS = YES_ERROR;
				CLANG_WARN_QUOTED_INCLUDE_IN_FRAMEWORK_HEADER = YES;
				CLANG_WARN_RANGE_LOOP_ANALYSIS = YES;
				CLANG_WARN_STRICT_PROTOTYPES = YES;
				CLANG_WARN_SUSPICIOUS_MOVE = YES;
				CLANG_WARN_UNGUARDED_AVAILABILITY = YES_AGGRESSIVE;
				CLANG_WARN_UNREACHABLE_CODE = YES;
				CLANG_WARN__DUPLICATE_METHOD_MATCH = YES;
				COPY_PHASE_STRIP = NO;
				DEBUG_INFORMATION_FORMAT = dwarf;
				ENABLE_STRICT_OBJC_MSGSEND = YES;
				ENABLE_TESTABILITY = YES;
				ENABLE_USER_SCRIPT_SANDBOXING = YES;
				GCC_C_LANGUAGE_STANDARD = gnu17;
				GCC_DYNAMIC_NO_PIC = NO;
				GCC_NO_COMMON_BLOCKS = YES;
				GCC_OPTIMIZATION_LEVEL = 0;
				GCC_PREPROCESSOR_DEFINITIONS = (
					"DEBUG=1",
					"$(inherited)",
				);
				GCC_WARN_64_TO_32_BIT_CONVERSION = YES;
				GCC_WARN_ABOUT_RETURN_TYPE = YES_ERROR;
				GCC_WARN_UNDECLARED_SELECTOR = YES;
				GCC_WARN_UNINITIALIZED_AUTOS = YES_AGGRESSIVE;
				GCC_WARN_UNUSED_FUNCTION = YES;
				GCC_WARN_UNUSED_VARIABLE = YES;
				IPHONEOS_DEPLOYMENT_TARGET = 17.0;
				LOCALIZATION_PREFERS_STRING_CATALOGS = YES;
				MTL_ENABLE_DEBUG_INFO = INCLUDE_SOURCE;
				MTL_FAST_MATH = YES;
				ONLY_ACTIVE_ARCH = YES;
				SDKROOT = iphoneos;
				SWIFT_ACTIVE_COMPILATION_CONDITIONS = "DEBUG $(inherited)";
				SWIFT_OPTIMIZATION_LEVEL = "-Onone";
			};
			name = Debug;
		};
		CF45565D2A7EF50C00D957B7 /* Release */ = {
			isa = XCBuildConfiguration;
			buildSettings = {
				ALWAYS_SEARCH_USER_PATHS = NO;
				ASSETCATALOG_COMPILER_GENERATE_SWIFT_ASSET_SYMBOL_EXTENSIONS = YES;
				CLANG_ANALYZER_NONNULL = YES;
				CLANG_ANALYZER_NUMBER_OBJECT_CONVERSION = YES_AGGRESSIVE;
				CLANG_CXX_LANGUAGE_STANDARD = "gnu++20";
				CLANG_ENABLE_MODULES = YES;
				CLANG_ENABLE_OBJC_ARC = YES;
				CLANG_ENABLE_OBJC_WEAK = YES;
				CLANG_WARN_BLOCK_CAPTURE_AUTORELEASING = YES;
				CLANG_WARN_BOOL_CONVERSION = YES;
				CLANG_WARN_COMMA = YES;
				CLANG_WARN_CONSTANT_CONVERSION = YES;
				CLANG_WARN_DEPRECATED_OBJC_IMPLEMENTATIONS = YES;
				CLANG_WARN_DIRECT_OBJC_ISA_USAGE = YES_ERROR;
				CLANG_WARN_DOCUMENTATION_COMMENTS = YES;
				CLANG_WARN_EMPTY_BODY = YES;
				CLANG_WARN_ENUM_CONVERSION = YES;
				CLANG_WARN_INFINITE_RECURSION = YES;
				CLANG_WARN_INT_CONVERSION = YES;
				CLANG_WARN_NON_LITERAL_NULL_CONVERSION = YES;
				CLANG_WARN_OBJC_IMPLICIT_RETAIN_SELF = YES;
				CLANG_WARN_OBJC_LITERAL_CONVERSION = YES;
				CLANG_WARN_OBJC_ROOT_CLASS = YES_ERROR;
				CLANG_WARN_QUOTED_INCLUDE_IN_FRAMEWORK_HEADER = YES;
				CLANG_WARN_RANGE_LOOP_ANALYSIS = YES;
				CLANG_WARN_STRICT_PROTOTYPES = YES;
				CLANG_WARN_SUSPICIOUS_MOVE = YES;
				CLANG_WARN_UNGUARDED_AVAILABILITY = YES_AGGRESSIVE;
				CLANG_WARN_UNREACHABLE_CODE = YES;
				CLANG_WARN__DUPLICATE_METHOD_MATCH = YES;
				COPY_PHASE_STRIP = NO;
				DEBUG_INFORMATION_FORMAT = "dwarf-with-dsym";
				ENABLE_NS_ASSERTIONS = NO;
				ENABLE_STRICT_OBJC_MSGSEND = YES;
				ENABLE_USER_SCRIPT_SANDBOXING = YES;
				GCC_C_LANGUAGE_STANDARD = gnu17;
				GCC_NO_COMMON_BLOCKS = YES;
				GCC_WARN_64_TO_32_BIT_CONVERSION = YES;
				GCC_WARN_ABOUT_RETURN_TYPE = YES_ERROR;
				GCC_WARN_UNDECLARED_SELECTOR = YES;
				GCC_WARN_UNINITIALIZED_AUTOS = YES_AGGRESSIVE;
				GCC_WARN_UNUSED_FUNCTION = YES;
				GCC_WARN_UNUSED_VARIABLE = YES;
				IPHONEOS_DEPLOYMENT_TARGET = 17.0;
				LOCALIZATION_PREFERS_STRING_CATALOGS = YES;
				MTL_ENABLE_DEBUG_INFO = NO;
				MTL_FAST_MATH = YES;
				SDKROOT = iphoneos;
				SWIFT_COMPILATION_MODE = wholemodule;
				VALIDATE_PRODUCT = YES;
			};
			name = Release;
		};
		CF45565F2A7EF50C00D957B7 /* Debug */ = {
			isa = XCBuildConfiguration;
			buildSettings = {
				ASSETCATALOG_COMPILER_APPICON_NAME = AppIcon;
				ASSETCATALOG_COMPILER_GLOBAL_ACCENT_COLOR_NAME = AccentColor;
				CODE_SIGN_STYLE = Automatic;
				CURRENT_PROJECT_VERSION = 1;
				DEVELOPMENT_ASSET_PATHS = "\"StickerPad/Preview Content\"";
				DEVELOPMENT_TEAM = 2BSD3K249X;
				ENABLE_PREVIEWS = YES;
				GENERATE_INFOPLIST_FILE = YES;
				INFOPLIST_KEY_CFBundleDisplayName = "Sticker Pad";
				INFOPLIST_KEY_UIApplicationSceneManifest_Generation = YES;
				INFOPLIST_KEY_UIApplicationSupportsIndirectInputEvents = YES;
				INFOPLIST_KEY_UILaunchScreen_Generation = YES;
				INFOPLIST_KEY_UISupportedInterfaceOrientations_iPad = "UIInterfaceOrientationPortrait UIInterfaceOrientationPortraitUpsideDown UIInterfaceOrientationLandscapeLeft UIInterfaceOrientationLandscapeRight";
				INFOPLIST_KEY_UISupportedInterfaceOrientations_iPhone = "UIInterfaceOrientationPortrait UIInterfaceOrientationLandscapeLeft UIInterfaceOrientationLandscapeRight";
				LD_RUNPATH_SEARCH_PATHS = (
					"$(inherited)",
					"@executable_path/Frameworks",
				);
				MARKETING_VERSION = 1.0;
				PRODUCT_BUNDLE_IDENTIFIER = com.hardworkdiscipline.StickerPad;
				PRODUCT_NAME = "$(TARGET_NAME)";
				SWIFT_EMIT_LOC_STRINGS = YES;
				SWIFT_VERSION = 5.0;
				TARGETED_DEVICE_FAMILY = "1,2";
			};
			name = Debug;
		};
		CF4556602A7EF50C00D957B7 /* Release */ = {
			isa = XCBuildConfiguration;
			buildSettings = {
				ASSETCATALOG_COMPILER_APPICON_NAME = AppIcon;
				ASSETCATALOG_COMPILER_GLOBAL_ACCENT_COLOR_NAME = AccentColor;
				CODE_SIGN_STYLE = Automatic;
				CURRENT_PROJECT_VERSION = 1;
				DEVELOPMENT_ASSET_PATHS = "\"StickerPad/Preview Content\"";
				DEVELOPMENT_TEAM = 2BSD3K249X;
				ENABLE_PREVIEWS = YES;
				GENERATE_INFOPLIST_FILE = YES;
				INFOPLIST_KEY_CFBundleDisplayName = "Sticker Pad";
				INFOPLIST_KEY_UIApplicationSceneManifest_Generation = YES;
				INFOPLIST_KEY_UIApplicationSupportsIndirectInputEvents = YES;
				INFOPLIST_KEY_UILaunchScreen_Generation = YES;
				INFOPLIST_KEY_UISupportedInterfaceOrientations_iPad = "UIInterfaceOrientationPortrait UIInterfaceOrientationPortraitUpsideDown UIInterfaceOrientationLandscapeLeft UIInterfaceOrientationLandscapeRight";
				INFOPLIST_KEY_UISupportedInterfaceOrientations_iPhone = "UIInterfaceOrientationPortrait UIInterfaceOrientationLandscapeLeft UIInterfaceOrientationLandscapeRight";
				LD_RUNPATH_SEARCH_PATHS = (
					"$(inherited)",
					"@executable_path/Frameworks",
				);
				MARKETING_VERSION = 1.0;
				PRODUCT_BUNDLE_IDENTIFIER = com.hardworkdiscipline.StickerPad;
				PRODUCT_NAME = "$(TARGET_NAME)";
				SWIFT_EMIT_LOC_STRINGS = YES;
				SWIFT_VERSION = 5.0;
				TARGETED_DEVICE_FAMILY = "1,2";
			};
			name = Release;
		};
/* End XCBuildConfiguration section */

/* Begin XCConfigurationList section */
		CF45564B2A7EF50B00D957B7 /* Build configuration list for PBXProject "StickerPad" */ = {
			isa = XCConfigurationList;
			buildConfigurations = (
				CF45565C2A7EF50C00D957B7 /* Debug */,
				CF45565D2A7EF50C00D957B7 /* Release */,
			);
			defaultConfigurationIsVisible = 0;
			defaultConfigurationName = Release;
		};
		CF45565E2A7EF50C00D957B7 /* Build configuration list for PBXNativeTarget "StickerPad" */ = {
			isa = XCConfigurationList;
			buildConfigurations = (
				CF45565F2A7EF50C00D957B7 /* Debug */,
				CF4556602A7EF50C00D957B7 /* Release */,
			);
			defaultConfigurationIsVisible = 0;
			defaultConfigurationName = Release;
		};
/* End XCConfigurationList section */
	};
	rootObject = CF4556482A7EF50B00D957B7 /* Project object */;
}
